Microsoft Visual Studio Solution File, Format Version 12.00
# Visual Studio 15
VisualStudioVersion = 15.0.27703.2047
MinimumVisualStudioVersion = 10.0.40219.1
Project("{FAE04EC0-301F-11D3-BF4B-00C04F79EFBC}") = "NativeAndForms.Droid", "Droid\NativeAndForms.Droid.csproj", "{15CF76FB-5E17-45B8-8C98-8C46C88486D1}"
EndProject
Project("{FAE04EC0-301F-11D3-BF4B-00C04F79EFBC}") = "NativeAndForms.iOS", "iOS\NativeAndForms.iOS.csproj", "{D5EC3B4C-1FAF-4F1B-899A-68D2F65FAAE9}"
EndProject
Project("{FAE04EC0-301F-11D3-BF4B-00C04F79EFBC}") = "NativeAndForms", "NativeAndForms\NativeAndForms.csproj", "{A688B017-50C5-4F09-9ADE-04F23C0857F3}"
EndProject
Project("{FAE04EC0-301F-11D3-BF4B-00C04F79EFBC}") = "JustForms.iOS", "JustForms.iOS\JustForms.iOS.csproj", "{3A519BBF-2658-417A-93BF-4867B61B8C18}"
EndProject
Project("{FAE04EC0-301F-11D3-BF4B-00C04F79EFBC}") = "JustForms.Android", "JustForms.Android\JustForms.Android.csproj", "{EB9F5B55-55E6-499B-B461-1E9548B26759}"
EndProject
Project("{D954291E-2A0B-460D-934E-DC6B0785DB48}") = "FormsShared", "FormsShared\FormsShared.shproj", "{D4401EDA-5784-4BC2-AE6E-845321785E0A}"
EndProject
Global
	GlobalSection(SolutionConfigurationPlatforms) = preSolution
		Ad-Hoc|Any CPU = Ad-Hoc|Any CPU
		Ad-Hoc|iPhone = Ad-Hoc|iPhone
		Ad-Hoc|iPhoneSimulator = Ad-Hoc|iPhoneSimulator
		AppStore|Any CPU = AppStore|Any CPU
		AppStore|iPhone = AppStore|iPhone
		AppStore|iPhoneSimulator = AppStore|iPhoneSimulator
		Debug|Any CPU = Debug|Any CPU
		Debug|iPhone = Debug|iPhone
		Debug|iPhoneSimulator = Debug|iPhoneSimulator
		Release|Any CPU = Release|Any CPU
		Release|iPhone = Release|iPhone
		Release|iPhoneSimulator = Release|iPhoneSimulator
	EndGlobalSection
	GlobalSection(ProjectConfigurationPlatforms) = postSolution
		{15CF76FB-5E17-45B8-8C98-8C46C88486D1}.Ad-Hoc|Any CPU.ActiveCfg = Release|Any CPU
		{15CF76FB-5E17-45B8-8C98-8C46C88486D1}.Ad-Hoc|Any CPU.Build.0 = Release|Any CPU
		{15CF76FB-5E17-45B8-8C98-8C46C88486D1}.Ad-Hoc|Any CPU.Deploy.0 = Release|Any CPU
		{15CF76FB-5E17-45B8-8C98-8C46C88486D1}.Ad-Hoc|iPhone.ActiveCfg = Debug|Any CPU
		{15CF76FB-5E17-45B8-8C98-8C46C88486D1}.Ad-Hoc|iPhone.Build.0 = Debug|Any CPU
		{15CF76FB-5E17-45B8-8C98-8C46C88486D1}.Ad-Hoc|iPhoneSimulator.ActiveCfg = Release|Any CPU
		{15CF76FB-5E17-45B8-8C98-8C46C88486D1}.Ad-Hoc|iPhoneSimulator.Build.0 = Release|Any CPU
		{15CF76FB-5E17-45B8-8C98-8C46C88486D1}.Ad-Hoc|iPhoneSimulator.Deploy.0 = Release|Any CPU
		{15CF76FB-5E17-45B8-8C98-8C46C88486D1}.AppStore|Any CPU.ActiveCfg = Release|Any CPU
		{15CF76FB-5E17-45B8-8C98-8C46C88486D1}.AppStore|Any CPU.Build.0 = Release|Any CPU
		{15CF76FB-5E17-45B8-8C98-8C46C88486D1}.AppStore|Any CPU.Deploy.0 = Release|Any CPU
		{15CF76FB-5E17-45B8-8C98-8C46C88486D1}.AppStore|iPhone.ActiveCfg = Debug|Any CPU
		{15CF76FB-5E17-45B8-8C98-8C46C88486D1}.AppStore|iPhone.Build.0 = Debug|Any CPU
		{15CF76FB-5E17-45B8-8C98-8C46C88486D1}.AppStore|iPhoneSimulator.ActiveCfg = Release|Any CPU
		{15CF76FB-5E17-45B8-8C98-8C46C88486D1}.AppStore|iPhoneSimulator.Build.0 = Release|Any CPU
		{15CF76FB-5E17-45B8-8C98-8C46C88486D1}.AppStore|iPhoneSimulator.Deploy.0 = Release|Any CPU
		{15CF76FB-5E17-45B8-8C98-8C46C88486D1}.Debug|Any CPU.ActiveCfg = Debug|Any CPU
		{15CF76FB-5E17-45B8-8C98-8C46C88486D1}.Debug|Any CPU.Build.0 = Debug|Any CPU
		{15CF76FB-5E17-45B8-8C98-8C46C88486D1}.Debug|Any CPU.Deploy.0 = Debug|Any CPU
		{15CF76FB-5E17-45B8-8C98-8C46C88486D1}.Debug|iPhone.ActiveCfg = Debug|Any CPU
		{15CF76FB-5E17-45B8-8C98-8C46C88486D1}.Debug|iPhone.Build.0 = Debug|Any CPU
		{15CF76FB-5E17-45B8-8C98-8C46C88486D1}.Debug|iPhoneSimulator.ActiveCfg = Debug|Any CPU
		{15CF76FB-5E17-45B8-8C98-8C46C88486D1}.Debug|iPhoneSimulator.Build.0 = Debug|Any CPU
		{15CF76FB-5E17-45B8-8C98-8C46C88486D1}.Release|Any CPU.ActiveCfg = Release|Any CPU
		{15CF76FB-5E17-45B8-8C98-8C46C88486D1}.Release|Any CPU.Build.0 = Release|Any CPU
		{15CF76FB-5E17-45B8-8C98-8C46C88486D1}.Release|iPhone.ActiveCfg = Release|Any CPU
		{15CF76FB-5E17-45B8-8C98-8C46C88486D1}.Release|iPhone.Build.0 = Release|Any CPU
		{15CF76FB-5E17-45B8-8C98-8C46C88486D1}.Release|iPhoneSimulator.ActiveCfg = Release|Any CPU
		{15CF76FB-5E17-45B8-8C98-8C46C88486D1}.Release|iPhoneSimulator.Build.0 = Release|Any CPU
		{D5EC3B4C-1FAF-4F1B-899A-68D2F65FAAE9}.Ad-Hoc|Any CPU.ActiveCfg = Release|iPhoneSimulator
		{D5EC3B4C-1FAF-4F1B-899A-68D2F65FAAE9}.Ad-Hoc|Any CPU.Build.0 = Release|iPhoneSimulator
		{D5EC3B4C-1FAF-4F1B-899A-68D2F65FAAE9}.Ad-Hoc|iPhone.ActiveCfg = Release|iPhone
		{D5EC3B4C-1FAF-4F1B-899A-68D2F65FAAE9}.Ad-Hoc|iPhone.Build.0 = Release|iPhone
		{D5EC3B4C-1FAF-4F1B-899A-68D2F65FAAE9}.Ad-Hoc|iPhoneSimulator.ActiveCfg = Release|iPhoneSimulator
		{D5EC3B4C-1FAF-4F1B-899A-68D2F65FAAE9}.Ad-Hoc|iPhoneSimulator.Build.0 = Release|iPhoneSimulator
		{D5EC3B4C-1FAF-4F1B-899A-68D2F65FAAE9}.AppStore|Any CPU.ActiveCfg = Release|iPhoneSimulator
		{D5EC3B4C-1FAF-4F1B-899A-68D2F65FAAE9}.AppStore|Any CPU.Build.0 = Release|iPhoneSimulator
		{D5EC3B4C-1FAF-4F1B-899A-68D2F65FAAE9}.AppStore|iPhone.ActiveCfg = Release|iPhone
		{D5EC3B4C-1FAF-4F1B-899A-68D2F65FAAE9}.AppStore|iPhone.Build.0 = Release|iPhone
		{D5EC3B4C-1FAF-4F1B-899A-68D2F65FAAE9}.AppStore|iPhoneSimulator.ActiveCfg = Release|iPhoneSimulator
		{D5EC3B4C-1FAF-4F1B-899A-68D2F65FAAE9}.AppStore|iPhoneSimulator.Build.0 = Release|iPhoneSimulator
		{D5EC3B4C-1FAF-4F1B-899A-68D2F65FAAE9}.Debug|Any CPU.ActiveCfg = Debug|iPhoneSimulator
		{D5EC3B4C-1FAF-4F1B-899A-68D2F65FAAE9}.Debug|Any CPU.Build.0 = Debug|iPhoneSimulator
		{D5EC3B4C-1FAF-4F1B-899A-68D2F65FAAE9}.Debug|iPhone.ActiveCfg = Debug|iPhone
		{D5EC3B4C-1FAF-4F1B-899A-68D2F65FAAE9}.Debug|iPhone.Build.0 = Debug|iPhone
		{D5EC3B4C-1FAF-4F1B-899A-68D2F65FAAE9}.Debug|iPhoneSimulator.ActiveCfg = Debug|iPhoneSimulator
		{D5EC3B4C-1FAF-4F1B-899A-68D2F65FAAE9}.Debug|iPhoneSimulator.Build.0 = Debug|iPhoneSimulator
		{D5EC3B4C-1FAF-4F1B-899A-68D2F65FAAE9}.Release|Any CPU.ActiveCfg = Release|iPhone
		{D5EC3B4C-1FAF-4F1B-899A-68D2F65FAAE9}.Release|Any CPU.Build.0 = Release|iPhone
		{D5EC3B4C-1FAF-4F1B-899A-68D2F65FAAE9}.Release|iPhone.ActiveCfg = Release|iPhone
		{D5EC3B4C-1FAF-4F1B-899A-68D2F65FAAE9}.Release|iPhone.Build.0 = Release|iPhone
		{D5EC3B4C-1FAF-4F1B-899A-68D2F65FAAE9}.Release|iPhoneSimulator.ActiveCfg = Release|iPhoneSimulator
		{D5EC3B4C-1FAF-4F1B-899A-68D2F65FAAE9}.Release|iPhoneSimulator.Build.0 = Release|iPhoneSimulator
		{A688B017-50C5-4F09-9ADE-04F23C0857F3}.Ad-Hoc|Any CPU.ActiveCfg = Release|Any CPU
		{A688B017-50C5-4F09-9ADE-04F23C0857F3}.Ad-Hoc|Any CPU.Build.0 = Release|Any CPU
		{A688B017-50C5-4F09-9ADE-04F23C0857F3}.Ad-Hoc|iPhone.ActiveCfg = Debug|Any CPU
		{A688B017-50C5-4F09-9ADE-04F23C0857F3}.Ad-Hoc|iPhone.Build.0 = Debug|Any CPU
		{A688B017-50C5-4F09-9ADE-04F23C0857F3}.Ad-Hoc|iPhoneSimulator.ActiveCfg = Release|Any CPU
		{A688B017-50C5-4F09-9ADE-04F23C0857F3}.Ad-Hoc|iPhoneSimulator.Build.0 = Release|Any CPU
		{A688B017-50C5-4F09-9ADE-04F23C0857F3}.AppStore|Any CPU.ActiveCfg = Release|Any CPU
		{A688B017-50C5-4F09-9ADE-04F23C0857F3}.AppStore|Any CPU.Build.0 = Release|Any CPU
		{A688B017-50C5-4F09-9ADE-04F23C0857F3}.AppStore|iPhone.ActiveCfg = Debug|Any CPU
		{A688B017-50C5-4F09-9ADE-04F23C0857F3}.AppStore|iPhone.Build.0 = Debug|Any CPU
		{A688B017-50C5-4F09-9ADE-04F23C0857F3}.AppStore|iPhoneSimulator.ActiveCfg = Release|Any CPU
		{A688B017-50C5-4F09-9ADE-04F23C0857F3}.AppStore|iPhoneSimulator.Build.0 = Release|Any CPU
		{A688B017-50C5-4F09-9ADE-04F23C0857F3}.Debug|Any CPU.ActiveCfg = Debug|Any CPU
		{A688B017-50C5-4F09-9ADE-04F23C0857F3}.Debug|Any CPU.Build.0 = Debug|Any CPU
		{A688B017-50C5-4F09-9ADE-04F23C0857F3}.Debug|iPhone.ActiveCfg = Debug|Any CPU
		{A688B017-50C5-4F09-9ADE-04F23C0857F3}.Debug|iPhone.Build.0 = Debug|Any CPU
		{A688B017-50C5-4F09-9ADE-04F23C0857F3}.Debug|iPhoneSimulator.ActiveCfg = Debug|Any CPU
		{A688B017-50C5-4F09-9ADE-04F23C0857F3}.Debug|iPhoneSimulator.Build.0 = Debug|Any CPU
		{A688B017-50C5-4F09-9ADE-04F23C0857F3}.Release|Any CPU.ActiveCfg = Release|Any CPU
		{A688B017-50C5-4F09-9ADE-04F23C0857F3}.Release|Any CPU.Build.0 = Release|Any CPU
		{A688B017-50C5-4F09-9ADE-04F23C0857F3}.Release|iPhone.ActiveCfg = Release|Any CPU
		{A688B017-50C5-4F09-9ADE-04F23C0857F3}.Release|iPhone.Build.0 = Release|Any CPU
		{A688B017-50C5-4F09-9ADE-04F23C0857F3}.Release|iPhoneSimulator.ActiveCfg = Release|Any CPU
		{A688B017-50C5-4F09-9ADE-04F23C0857F3}.Release|iPhoneSimulator.Build.0 = Release|Any CPU
		{3A519BBF-2658-417A-93BF-4867B61B8C18}.Ad-Hoc|Any CPU.ActiveCfg = Ad-Hoc|iPhoneSimulator
		{3A519BBF-2658-417A-93BF-4867B61B8C18}.Ad-Hoc|iPhone.ActiveCfg = Ad-Hoc|iPhone
		{3A519BBF-2658-417A-93BF-4867B61B8C18}.Ad-Hoc|iPhone.Build.0 = Ad-Hoc|iPhone
		{3A519BBF-2658-417A-93BF-4867B61B8C18}.Ad-Hoc|iPhoneSimulator.ActiveCfg = Ad-Hoc|iPhoneSimulator
		{3A519BBF-2658-417A-93BF-4867B61B8C18}.Ad-Hoc|iPhoneSimulator.Build.0 = Ad-Hoc|iPhoneSimulator
		{3A519BBF-2658-417A-93BF-4867B61B8C18}.AppStore|Any CPU.ActiveCfg = AppStore|iPhoneSimulator
		{3A519BBF-2658-417A-93BF-4867B61B8C18}.AppStore|iPhone.ActiveCfg = AppStore|iPhone
		{3A519BBF-2658-417A-93BF-4867B61B8C18}.AppStore|iPhone.Build.0 = AppStore|iPhone
		{3A519BBF-2658-417A-93BF-4867B61B8C18}.AppStore|iPhoneSimulator.ActiveCfg = AppStore|iPhoneSimulator
		{3A519BBF-2658-417A-93BF-4867B61B8C18}.AppStore|iPhoneSimulator.Build.0 = AppStore|iPhoneSimulator
		{3A519BBF-2658-417A-93BF-4867B61B8C18}.Debug|Any CPU.ActiveCfg = Debug|iPhoneSimulator
		{3A519BBF-2658-417A-93BF-4867B61B8C18}.Debug|Any CPU.Build.0 = Debug|iPhoneSimulator
		{3A519BBF-2658-417A-93BF-4867B61B8C18}.Debug|iPhone.ActiveCfg = Debug|iPhone
		{3A519BBF-2658-417A-93BF-4867B61B8C18}.Debug|iPhone.Build.0 = Debug|iPhone
		{3A519BBF-2658-417A-93BF-4867B61B8C18}.Debug|iPhoneSimulator.ActiveCfg = Debug|iPhoneSimulator
		{3A519BBF-2658-417A-93BF-4867B61B8C18}.Debug|iPhoneSimulator.Build.0 = Debug|iPhoneSimulator
		{3A519BBF-2658-417A-93BF-4867B61B8C18}.Release|Any CPU.ActiveCfg = Release|iPhoneSimulator
		{3A519BBF-2658-417A-93BF-4867B61B8C18}.Release|Any CPU.Build.0 = Release|iPhoneSimulator
		{3A519BBF-2658-417A-93BF-4867B61B8C18}.Release|iPhone.ActiveCfg = Release|iPhone
		{3A519BBF-2658-417A-93BF-4867B61B8C18}.Release|iPhone.Build.0 = Release|iPhone
		{3A519BBF-2658-417A-93BF-4867B61B8C18}.Release|iPhoneSimulator.ActiveCfg = Release|iPhoneSimulator
		{3A519BBF-2658-417A-93BF-4867B61B8C18}.Release|iPhoneSimulator.Build.0 = Release|iPhoneSimulator
		{EB9F5B55-55E6-499B-B461-1E9548B26759}.Ad-Hoc|Any CPU.ActiveCfg = Release|Any CPU
		{EB9F5B55-55E6-499B-B461-1E9548B26759}.Ad-Hoc|Any CPU.Build.0 = Release|Any CPU
		{EB9F5B55-55E6-499B-B461-1E9548B26759}.Ad-Hoc|Any CPU.Deploy.0 = Release|Any CPU
		{EB9F5B55-55E6-499B-B461-1E9548B26759}.Ad-Hoc|iPhone.ActiveCfg = Debug|Any CPU
		{EB9F5B55-55E6-499B-B461-1E9548B26759}.Ad-Hoc|iPhone.Build.0 = Debug|Any CPU
		{EB9F5B55-55E6-499B-B461-1E9548B26759}.Ad-Hoc|iPhoneSimulator.ActiveCfg = Release|Any CPU
		{EB9F5B55-55E6-499B-B461-1E9548B26759}.Ad-Hoc|iPhoneSimulator.Build.0 = Release|Any CPU
		{EB9F5B55-55E6-499B-B461-1E9548B26759}.Ad-Hoc|iPhoneSimulator.Deploy.0 = Release|Any CPU
		{EB9F5B55-55E6-499B-B461-1E9548B26759}.AppStore|Any CPU.ActiveCfg = Release|Any CPU
		{EB9F5B55-55E6-499B-B461-1E9548B26759}.AppStore|Any CPU.Build.0 = Release|Any CPU
		{EB9F5B55-55E6-499B-B461-1E9548B26759}.AppStore|Any CPU.Deploy.0 = Release|Any CPU
		{EB9F5B55-55E6-499B-B461-1E9548B26759}.AppStore|iPhone.ActiveCfg = Debug|Any CPU
		{EB9F5B55-55E6-499B-B461-1E9548B26759}.AppStore|iPhone.Build.0 = Debug|Any CPU
		{EB9F5B55-55E6-499B-B461-1E9548B26759}.AppStore|iPhoneSimulator.ActiveCfg = Release|Any CPU
		{EB9F5B55-55E6-499B-B461-1E9548B26759}.AppStore|iPhoneSimulator.Build.0 = Release|Any CPU
		{EB9F5B55-55E6-499B-B461-1E9548B26759}.AppStore|iPhoneSimulator.Deploy.0 = Release|Any CPU
		{EB9F5B55-55E6-499B-B461-1E9548B26759}.Debug|Any CPU.ActiveCfg = Debug|Any CPU
		{EB9F5B55-55E6-499B-B461-1E9548B26759}.Debug|Any CPU.Build.0 = Debug|Any CPU
		{EB9F5B55-55E6-499B-B461-1E9548B26759}.Debug|Any CPU.Deploy.0 = Debug|Any CPU
		{EB9F5B55-55E6-499B-B461-1E9548B26759}.Debug|iPhone.ActiveCfg = Debug|Any CPU
		{EB9F5B55-55E6-499B-B461-1E9548B26759}.Debug|iPhone.Build.0 = Debug|Any CPU
		{EB9F5B55-55E6-499B-B461-1E9548B26759}.Debug|iPhoneSimulator.ActiveCfg = Debug|Any CPU
		{EB9F5B55-55E6-499B-B461-1E9548B26759}.Debug|iPhoneSimulator.Build.0 = Debug|Any CPU
		{EB9F5B55-55E6-499B-B461-1E9548B26759}.Release|Any CPU.ActiveCfg = Release|Any CPU
		{EB9F5B55-55E6-499B-B461-1E9548B26759}.Release|Any CPU.Build.0 = Release|Any CPU
		{EB9F5B55-55E6-499B-B461-1E9548B26759}.Release|iPhone.ActiveCfg = Release|Any CPU
		{EB9F5B55-55E6-499B-B461-1E9548B26759}.Release|iPhone.Build.0 = Release|Any CPU
		{EB9F5B55-55E6-499B-B461-1E9548B26759}.Release|iPhoneSimulator.ActiveCfg = Release|Any CPU
		{EB9F5B55-55E6-499B-B461-1E9548B26759}.Release|iPhoneSimulator.Build.0 = Release|Any CPU
	EndGlobalSection
	GlobalSection(SolutionProperties) = preSolution
		HideSolutionNode = FALSE
	EndGlobalSection
	GlobalSection(ExtensibilityGlobals) = postSolution
		SolutionGuid = {77DF760F-BFA7-48C4-9016-1DABEC996679}
	EndGlobalSection
EndGlobal
